
Microsoft Visual Studio Solution File, Format Version 11.00
# Visual Studio 2010
Project("{F184B08F-C81C-45F6-A57F-5ABD9991F28F}") = "SnakeGame", "SnakeGame.vbproj", "{98A3429D-D3F8-4351-9AC2-223D7BBC41EC}"
EndProject
Global
	GlobalSection(SolutionConfigurationPlatforms) = preSolution
		Debug|x86 = Debug|x86
		Release|x86 = Release|x86
	EndGlobalSection
	GlobalSection(ProjectConfigurationPlatforms) = postSolution
		{98A3429D-D3F8-4351-9AC2-223D7BBC41EC}.Debug|x86.ActiveCfg = Debug|x86
		{98A3429D-D3F8-4351-9AC2-223D7BBC41EC}.Debug|x86.Build.0 = Debug|x86
		{98A3429D-D3F8-4351-9AC2-223D7BBC41EC}.Release|x86.ActiveCfg = Release|x86
		{98A3429D-D3F8-4351-9AC2-223D7BBC41EC}.Release|x86.Build.0 = Release|x86
	EndGlobalSection
	GlobalSection(SolutionProperties) = preSolution
		HideSolutionNode = FALSE
	EndGlobalSection
EndGlobal
